
Microsoft Visual Studio Solution File, Format Version 12.00
# Visual Studio 14
VisualStudioVersion = 14.0.23107.0
MinimumVisualStudioVersion = 10.0.40219.1
Project("{FAE04EC0-301F-11D3-BF4B-00C04F79EFBC}") = "UmbBackofficeAdAspNetProvider", "UmbBackofficeAdAspNetProvider\UmbBackofficeAdAspNetProvider.csproj", "{12BA2053-E09D-4D5F-9C8A-DDBD3FC65D32}"
EndProject
Project("{2150E333-8FDC-42A3-9474-1A3956D46DE8}") = "NuGet", "NuGet", "{F31D5761-C5B2-4E76-BC86-CD248A5E86F4}"
	ProjectSection(SolutionItems) = preProject
		NuGet\UmbBackOfficeAdAspNetProvider.1.0.0.nupkg = NuGet\UmbBackOfficeAdAspNetProvider.1.0.0.nupkg
	EndProjectSection
EndProject
Global
	GlobalSection(SolutionConfigurationPlatforms) = preSolution
		Debug|Any CPU = Debug|Any CPU
		Release|Any CPU = Release|Any CPU
	EndGlobalSection
	GlobalSection(ProjectConfigurationPlatforms) = postSolution
		{12BA2053-E09D-4D5F-9C8A-DDBD3FC65D32}.Debug|Any CPU.ActiveCfg = Debug|Any CPU
		{12BA2053-E09D-4D5F-9C8A-DDBD3FC65D32}.Debug|Any CPU.Build.0 = Debug|Any CPU
		{12BA2053-E09D-4D5F-9C8A-DDBD3FC65D32}.Release|Any CPU.ActiveCfg = Release|Any CPU
		{12BA2053-E09D-4D5F-9C8A-DDBD3FC65D32}.Release|Any CPU.Build.0 = Release|Any CPU
	EndGlobalSection
	GlobalSection(SolutionProperties) = preSolution
		HideSolutionNode = FALSE
	EndGlobalSection
	GlobalSection(TeamFoundationVersionControl) = preSolution
		SccNumberOfProjects = 2
		SccEnterpriseProvider = {4CA58AB2-18FA-4F8D-95D4-32DDF27D184C}
		SccTeamFoundationServer = https://tfs.codeplex.com/tfs/tfs40
		SccLocalPath0 = .
		SccProjectUniqueName1 = UmbBackofficeAdAspNetProvider\\UmbBackofficeAdAspNetProvider.csproj
		SccProjectName1 = UmbBackofficeAdAspNetProvider
		SccLocalPath1 = UmbBackofficeAdAspNetProvider
	EndGlobalSection
EndGlobal
